{
  "pins" : [
    {
      "identity" : "swift-png",
      "kind" : "remoteSourceControl",
      "location" : "https://github.com/tayloraswift/swift-png",
      "state" : {
        "revision" : "075dfb248ae327822635370e9d4f94a5d3fe93b2",
        "version" : "4.0.2"
      }
    }
  ],
  "version" : 2
}
